
Microsoft Visual Studio Solution File, Format Version 11.00
# Visual Studio 2010
Project("{FAE04EC0-301F-11D3-BF4B-00C04F79EFBC}") = "BIM360GlueSDKSampleWebApp", "BIM360GlueSDKSampleWebApp\BIM360GlueSDKSampleWebApp.csproj", "{8F55C30C-E1C9-4C0C-B630-BA360BFF4C29}"
EndProject
Global
	GlobalSection(SolutionConfigurationPlatforms) = preSolution
		Debug|Any CPU = Debug|Any CPU
		Release|Any CPU = Release|Any CPU
	EndGlobalSection
	GlobalSection(ProjectConfigurationPlatforms) = postSolution
		{8F55C30C-E1C9-4C0C-B630-BA360BFF4C29}.Debug|Any CPU.ActiveCfg = Debug|Any CPU
		{8F55C30C-E1C9-4C0C-B630-BA360BFF4C29}.Debug|Any CPU.Build.0 = Debug|Any CPU
		{8F55C30C-E1C9-4C0C-B630-BA360BFF4C29}.Release|Any CPU.ActiveCfg = Release|Any CPU
		{8F55C30C-E1C9-4C0C-B630-BA360BFF4C29}.Release|Any CPU.Build.0 = Release|Any CPU
	EndGlobalSection
	GlobalSection(SolutionProperties) = preSolution
		HideSolutionNode = FALSE
	EndGlobalSection
EndGlobal
